version = 1
revision = 3
requires-python = ">=3.14"
resolution-markers = [
    "sys_platform == 'win32'",
    "sys_platform == 'emscripten'",
    "sys_platform != 'emscripten' and sys_platform != 'win32'",
]

[[package]]
name = "biobase"
version = "0.9.1"
source = { registry = "https://pypi.org/simple" }
dependencies = [
    { name = "numpy" },
]
sdist = { url = "https://files.pythonhosted.org/packages/fd/0a/680899fff94253574bac47a3c3ae583c728a7d4556b1d0a601915de9cf36/biobase-0.9.1.tar.gz", hash = "sha256:2b8344f8be29fd6d6bbd1f50ea923a700845fd8195771d85f5b1554cf56d7eb9", size = 52144, upload-time = "2026-04-28T03:38:02.615Z" }
wheels = [
    { url = "https://files.pythonhosted.org/packages/e5/f9/6e88d73b316879153f87f7815fccc8b203af7839bf73d43490e3656310ba/biobase-0.9.1-py3-none-any.whl", hash = "sha256:c7795b9fc0f8d8f582cb28cddd57d530162f8c676a206cd811adc4320041945c", size = 79221, upload-time = "2026-04-28T03:38:01.442Z" },
]

[[package]]
name = "biopython"
version = "1.87"
source = { registry = "https://pypi.org/simple" }
dependencies = [
    { name = "numpy" },
]
sdist = { url = "https://files.pythonhosted.org/packages/df/3e/3c6aa8b2a7e6b791a34407736db32f59657001f0446ada31db73a3e0b7d5/biopython-1.87.tar.gz", hash = "sha256:8456c803459b679a9712422e5a7fd9809f2f089bf69bb085f3b077946ac9bdbf", size = 19855264, upload-time = "2026-03-30T11:28:29.823Z" }
wheels = [
    { url = "https://files.pythonhosted.org/packages/26/3f/1ed27b0991697993c8f20bcc6b9b55a720993213e4a1aa4803b21366e11b/biopython-1.87-cp314-cp314-macosx_11_0_arm64.whl", hash = "sha256:db73fe16aa2b20677ac86d1997612acb0aa1a3720bc899f65d2bce5583208e1b", size = 2681105, upload-time = "2026-03-30T11:38:31.591Z" },
    { url = "https://files.pythonhosted.org/packages/3f/7f/4d405d34d9c6fe1852527eba5dc6c92d333ef739b297df71c771da821ecf/biopython-1.87-cp314-cp314-manylinux2014_aarch64.manylinux_2_17_aarch64.manylinux_2_28_aarch64.whl", hash = "sha256:89ffe272517478691439a59cccd3cc2929fc8f6bfb8cbc8cc5acc103660395a7", size = 3220706, upload-time = "2026-03-30T11:38:34.572Z" },
    { url = "https://files.pythonhosted.org/packages/f5/26/9cade51cffba81b3c8dc314f146eb71c46c491d8092fef0f5bc4ccf3a66d/biopython-1.87-cp314-cp314-manylinux2014_x86_64.manylinux_2_17_x86_64.manylinux_2_28_x86_64.whl", hash = "sha256:ff28a6f31630b3c9f52903478a2ed9dd894b07c1998e40eaeefbeefac20f2d0f", size = 3246379, upload-time = "2026-03-30T11:38:38.462Z" },
    { url = "https://files.pythonhosted.org/packages/50/59/ad1adcd0b9a600ce9fa58ecf1587a75769f05d65320f5daf315ff490fcee/biopython-1.87-cp314-cp314-win32.whl", hash = "sha256:d740c75d4bc94f9dff51719a0deda37e5e885f06ee6dfbb5e9a21bbe9de35a9c", size = 2709283, upload-time = "2026-03-30T11:38:45.886Z" },
    { url = "https://files.pythonhosted.org/packages/a3/e3/313d4002628ffec17745336ccfbfb59d746dec5a022ebd50a9b33c3113c6/biopython-1.87-cp314-cp314-win_amd64.whl", hash = "sha256:98e397096336a49804b6aaaeac8c47ad82e3e4430862f0cde37be73037f1017e", size = 2745825, upload-time = "2026-03-30T11:38:42.285Z" },
    { url = "https://files.pythonhosted.org/packages/a5/70/952fb76b38c314c5c7643d55dad10c71d45d5a6c78031795d594a4a1f46f/biopython-1.87-cp314-cp314t-macosx_11_0_arm64.whl", hash = "sha256:e4878a9b56775480154c686f81e98f6d907b44d87605bdc2f53538ccdfde9624", size = 2684826, upload-time = "2026-03-30T11:38:48.947Z" },
    { url = "https://files.pythonhosted.org/packages/4b/fb/93e4c0fc762a10cb0d41c9807a87ad6318c4d6d21b272aa160b6394f1ceb/biopython-1.87-cp314-cp314t-manylinux2014_aarch64.manylinux_2_17_aarch64.manylinux_2_28_aarch64.whl", hash = "sha256:a6fcec2e3602ed52ced701f8f7851952383f84dbc4caeb4d202d088170e86b6d", size = 3263913, upload-time = "2026-03-30T11:38:51.87Z" },
    { url = "https://files.pythonhosted.org/packages/63/10/5a2794c558ef6058da8413ad0ffeee2c090d250b9e5d31009faadfe84fc5/biopython-1.87-cp314-cp314t-manylinux2014_x86_64.manylinux_2_17_x86_64.manylinux_2_28_x86_64.whl", hash = "sha256:c8da2d44a4b912c7550a051a5ff4bb72a61decc9c4b19ea92cba4c02fffb143c", size = 3283916, upload-time = "2026-03-30T11:38:54.609Z" },
    { url = "https://files.pythonhosted.org/packages/12/cd/b18b40e9de9475cfd59f7c30dea6bab7f337758f617d3f5853b1ece8abee/biopython-1.87-cp314-cp314t-win32.whl", hash = "sha256:3670d76759c6cb53ba617f9823d3a438c1aa5415abef6addd29cb81d61d7b312", size = 2712763, upload-time = "2026-03-30T11:39:00.551Z" },
    { url = "https://files.pythonhosted.org/packages/8e/12/478812ef9c8484f96253ba8fb42b466db4f4594c3bb352a5f4318de01704/biopython-1.87-cp314-cp314t-win_amd64.whl", hash = "sha256:331c4151608a1d8406eff0d3c52a0ff1fa3e82604fc85f11c696c562919fb161", size = 2751774, upload-time = "2026-03-30T11:38:57.678Z" },
]

[[package]]
name = "black"
version = "26.3.1"
source = { registry = "https://pypi.org/simple" }
dependencies = [
    { name = "click" },
    { name = "mypy-extensions" },
    { name = "packaging" },
    { name = "pathspec" },
    { name = "platformdirs" },
    { name = "pytokens" },
]
sdist = { url = "https://files.pythonhosted.org/packages/e1/c5/61175d618685d42b005847464b8fb4743a67b1b8fdb75e50e5a96c31a27a/black-26.3.1.tar.gz", hash = "sha256:2c50f5063a9641c7eed7795014ba37b0f5fa227f3d408b968936e24bc0566b07", size = 666155, upload-time = "2026-03-12T03:36:03.593Z" }
wheels = [
    { url = "https://files.pythonhosted.org/packages/d5/da/e36e27c9cebc1311b7579210df6f1c86e50f2d7143ae4fcf8a5017dc8809/black-26.3.1-cp314-cp314-macosx_10_15_x86_64.whl", hash = "sha256:2d6bfaf7fd0993b420bed691f20f9492d53ce9a2bcccea4b797d34e947318a78", size = 1889234, upload-time = "2026-03-12T03:40:30.964Z" },
    { url = "https://files.pythonhosted.org/packages/0e/7b/9871acf393f64a5fa33668c19350ca87177b181f44bb3d0c33b2d534f22c/black-26.3.1-cp314-cp314-macosx_11_0_arm64.whl", hash = "sha256:f89f2ab047c76a9c03f78d0d66ca519e389519902fa27e7a91117ef7611c0568", size = 1720522, upload-time = "2026-03-12T03:40:32.346Z" },
    { url = "https://files.pythonhosted.org/packages/03/87/e766c7f2e90c07fb7586cc787c9ae6462b1eedab390191f2b7fc7f6170a9/black-26.3.1-cp314-cp314-manylinux2014_x86_64.manylinux_2_17_x86_64.manylinux_2_28_x86_64.whl", hash = "sha256:b07fc0dab849d24a80a29cfab8d8a19187d1c4685d8a5e6385a5ce323c1f015f", size = 1787824, upload-time = "2026-03-12T03:40:33.636Z" },
    { url = "https://files.pythonhosted.org/packages/ac/94/2424338fb2d1875e9e83eed4c8e9c67f6905ec25afd826a911aea2b02535/black-26.3.1-cp314-cp314-win_amd64.whl", hash = "sha256:0126ae5b7c09957da2bdbd91a9ba1207453feada9e9fe51992848658c6c8e01c", size = 1445855, upload-time = "2026-03-12T03:40:35.442Z" },
    { url = "https://files.pythonhosted.org/packages/86/43/0c3338bd928afb8ee7471f1a4eec3bdbe2245ccb4a646092a222e8669840/black-26.3.1-cp314-cp314-win_arm64.whl", hash = "sha256:92c0ec1f2cc149551a2b7b47efc32c866406b6891b0ee4625e95967c8f4acfb1", size = 1258109, upload-time = "2026-03-12T03:40:36.832Z" },
    { url = "https://files.pythonhosted.org/packages/8e/0d/52d98722666d6fc6c3dd4c76df339501d6efd40e0ff95e6186a7b7f0befd/black-26.3.1-py3-none-any.whl", hash = "sha256:2bd5aa94fc267d38bb21a70d7410a89f1a1d318841855f698746f8e7f51acd1b", size = 207542, upload-time = "2026-03-12T03:36:01.668Z" },
]

[[package]]
name = "click"
version = "8.3.1"
source = { registry = "https://pypi.org/simple" }
dependencies = [
    { name = "colorama", marker = "sys_platform == 'win32'" },
]
sdist = { url = "https://files.pythonhosted.org/packages/3d/fa/656b739db8587d7b5dfa22e22ed02566950fbfbcdc20311993483657a5c0/click-8.3.1.tar.gz", hash = "sha256:12ff4785d337a1bb490bb7e9c2b1ee5da3112e94a8622f26a6c77f5d2fc6842a", size = 295065, upload-time = "2025-11-15T20:45:42.706Z" }
wheels = [
    { url = "https://files.pythonhosted.org/packages/98/78/01c019cdb5d6498122777c1a43056ebb3ebfeef2076d9d026bfe15583b2b/click-8.3.1-py3-none-any.whl", hash = "sha256:981153a64e25f12d547d3426c367a4857371575ee7ad18df2a6183ab0545b2a6", size = 108274, upload-time = "2025-11-15T20:45:41.139Z" },
]

[[package]]
name = "colorama"
version = "0.4.6"
source = { registry = "https://pypi.org/simple" }
sdist = { url = "https://files.pythonhosted.org/packages/d8/53/6f443c9a4a8358a93a6792e2acffb9d9d5cb0a5cfd8802644b7b1c9a02e4/colorama-0.4.6.tar.gz", hash = "sha256:08695f5cb7ed6e0531a20572697297273c47b8cae5a63ffc6d6ed5c201be6e44", size = 27697, upload-time = "2022-10-25T02:36:22.414Z" }
wheels = [
    { url = "https://files.pythonhosted.org/packages/d1/d6/3965ed04c63042e047cb6a3e6ed1a63a35087b6a609aa3a15ed8ac56c221/colorama-0.4.6-py2.py3-none-any.whl", hash = "sha256:4f1d9991f5acc0ca119f9d443620b77f9d6b33703e51011c16baf57afb285fc6", size = 25335, upload-time = "2022-10-25T02:36:20.889Z" },
]

[[package]]
name = "generegpred"
version = "0.1.0"
source = { virtual = "." }
dependencies = [
    { name = "biobase" },
    { name = "biopython" },
    { name = "numpy" },
    { name = "pandas" },
    { name = "tqdm" },
]

[package.dev-dependencies]
dev = [
    { name = "black" },
]

[package.metadata]
requires-dist = [
    { name = "biobase", specifier = ">=0.9.1" },
    { name = "biopython", specifier = ">=1.87" },
    { name = "numpy", specifier = ">=2.4.3" },
    { name = "pandas", specifier = ">=3.0.1" },
    { name = "tqdm", specifier = ">=4.67.3" },
]

[package.metadata.requires-dev]
dev = [{ name = "black", specifier = ">=26.3.1" }]

[[package]]
name = "mypy-extensions"
version = "1.1.0"
source = { registry = "https://pypi.org/simple" }
sdist = { url = "https://files.pythonhosted.org/packages/a2/6e/371856a3fb9d31ca8dac321cda606860fa4548858c0cc45d9d1d4ca2628b/mypy_extensions-1.1.0.tar.gz", hash = "sha256:52e68efc3284861e772bbcd66823fde5ae21fd2fdb51c62a211403730b916558", size = 6343, upload-time = "2025-04-22T14:54:24.164Z" }
wheels = [
    { url = "https://files.pythonhosted.org/packages/79/7b/2c79738432f5c924bef5071f933bcc9efd0473bac3b4aa584a6f7c1c8df8/mypy_extensions-1.1.0-py3-none-any.whl", hash = "sha256:1be4cccdb0f2482337c4743e60421de3a356cd97508abadd57d47403e94f5505", size = 4963, upload-time = "2025-04-22T14:54:22.983Z" },
]

[[package]]
name = "numpy"
version = "2.4.3"
source = { registry = "https://pypi.org/simple" }
sdist = { url = "https://files.pythonhosted.org/packages/10/8b/c265f4823726ab832de836cdd184d0986dcf94480f81e8739692a7ac7af2/numpy-2.4.3.tar.gz", hash = "sha256:483a201202b73495f00dbc83796c6ae63137a9bdade074f7648b3e32613412dd", size = 20727743, upload-time = "2026-03-09T07:58:53.426Z" }
wheels = [
    { url = "https://files.pythonhosted.org/packages/70/ae/3936f79adebf8caf81bd7a599b90a561334a658be4dcc7b6329ebf4ee8de/numpy-2.4.3-cp314-cp314-macosx_10_15_x86_64.whl", hash = "sha256:5884ce5c7acfae1e4e1b6fde43797d10aa506074d25b531b4f54bde33c0c31d4", size = 16664563, upload-time = "2026-03-09T07:57:43.817Z" },
    { url = "https://files.pythonhosted.org/packages/9b/62/760f2b55866b496bb1fa7da2a6db076bef908110e568b02fcfc1422e2a3a/numpy-2.4.3-cp314-cp314-macosx_11_0_arm64.whl", hash = "sha256:297837823f5bc572c5f9379b0c9f3a3365f08492cbdc33bcc3af174372ebb168", size = 14702161, upload-time = "2026-03-09T07:57:46.169Z" },
    { url = "https://files.pythonhosted.org/packages/32/af/a7a39464e2c0a21526fb4fb76e346fb172ebc92f6d1c7a07c2c139cc17b1/numpy-2.4.3-cp314-cp314-macosx_14_0_arm64.whl", hash = "sha256:a111698b4a3f8dcbe54c64a7708f049355abd603e619013c346553c1fd4ca90b", size = 5208738, upload-time = "2026-03-09T07:57:48.506Z" },
    { url = "https://files.pythonhosted.org/packages/29/8c/2a0cf86a59558fa078d83805589c2de490f29ed4fb336c14313a161d358a/numpy-2.4.3-cp314-cp314-macosx_14_0_x86_64.whl", hash = "sha256:4bd4741a6a676770e0e97fe9ab2e51de01183df3dcbcec591d26d331a40de950", size = 6543618, upload-time = "2026-03-09T07:57:50.591Z" },
    { url = "https://files.pythonhosted.org/packages/aa/b8/612ce010c0728b1c363fa4ea3aa4c22fe1c5da1de008486f8c2f5cb92fae/numpy-2.4.3-cp314-cp314-manylinux_2_27_aarch64.manylinux_2_28_aarch64.whl", hash = "sha256:54f29b877279d51e210e0c80709ee14ccbbad647810e8f3d375561c45ef613dd", size = 15680676, upload-time = "2026-03-09T07:57:52.34Z" },
    { url = "https://files.pythonhosted.org/packages/a9/7e/4f120ecc54ba26ddf3dc348eeb9eb063f421de65c05fc961941798feea18/numpy-2.4.3-cp314-cp314-manylinux_2_27_x86_64.manylinux_2_28_x86_64.whl", hash = "sha256:679f2a834bae9020f81534671c56fd0cc76dd7e5182f57131478e23d0dc59e24", size = 16613492, upload-time = "2026-03-09T07:57:54.91Z" },
    { url = "https://files.pythonhosted.org/packages/2c/86/1b6020db73be330c4b45d5c6ee4295d59cfeef0e3ea323959d053e5a6909/numpy-2.4.3-cp314-cp314-musllinux_1_2_aarch64.whl", hash = "sha256:d84f0f881cb2225c2dfd7f78a10a5645d487a496c6668d6cc39f0f114164f3d0", size = 17031789, upload-time = "2026-03-09T07:57:57.641Z" },
    { url = "https://files.pythonhosted.org/packages/07/3a/3b90463bf41ebc21d1b7e06079f03070334374208c0f9a1f05e4ae8455e7/numpy-2.4.3-cp314-cp314-musllinux_1_2_x86_64.whl", hash = "sha256:d213c7e6e8d211888cc359bab7199670a00f5b82c0978b9d1c75baf1eddbeac0", size = 18339941, upload-time = "2026-03-09T07:58:00.577Z" },
    { url = "https://files.pythonhosted.org/packages/a8/74/6d736c4cd962259fd8bae9be27363eb4883a2f9069763747347544c2a487/numpy-2.4.3-cp314-cp314-win32.whl", hash = "sha256:52077feedeff7c76ed7c9f1a0428558e50825347b7545bbb8523da2cd55c547a", size = 6007503, upload-time = "2026-03-09T07:58:03.331Z" },
    { url = "https://files.pythonhosted.org/packages/48/39/c56ef87af669364356bb011922ef0734fc49dad51964568634c72a009488/numpy-2.4.3-cp314-cp314-win_amd64.whl", hash = "sha256:0448e7f9caefb34b4b7dd2b77f21e8906e5d6f0365ad525f9f4f530b13df2afc", size = 12444915, upload-time = "2026-03-09T07:58:06.353Z" },
    { url = "https://files.pythonhosted.org/packages/9d/1f/ab8528e38d295fd349310807496fabb7cf9fe2e1f70b97bc20a483ea9d4a/numpy-2.4.3-cp314-cp314-win_arm64.whl", hash = "sha256:b44fd60341c4d9783039598efadd03617fa28d041fc37d22b62d08f2027fa0e7", size = 10494875, upload-time = "2026-03-09T07:58:08.734Z" },
    { url = "https://files.pythonhosted.org/packages/e6/ef/b7c35e4d5ef141b836658ab21a66d1a573e15b335b1d111d31f26c8ef80f/numpy-2.4.3-cp314-cp314t-macosx_11_0_arm64.whl", hash = "sha256:0a195f4216be9305a73c0e91c9b026a35f2161237cf1c6de9b681637772ea657", size = 14822225, upload-time = "2026-03-09T07:58:11.034Z" },
    { url = "https://files.pythonhosted.org/packages/cd/8d/7730fa9278cf6648639946cc816e7cc89f0d891602584697923375f801ed/numpy-2.4.3-cp314-cp314t-macosx_14_0_arm64.whl", hash = "sha256:cd32fbacb9fd1bf041bf8e89e4576b6f00b895f06d00914820ae06a616bdfef7", size = 5328769, upload-time = "2026-03-09T07:58:13.67Z" },
    { url = "https://files.pythonhosted.org/packages/47/01/d2a137317c958b074d338807c1b6a383406cdf8b8e53b075d804cc3d211d/numpy-2.4.3-cp314-cp314t-macosx_14_0_x86_64.whl", hash = "sha256:2e03c05abaee1f672e9d67bc858f300b5ccba1c21397211e8d77d98350972093", size = 6649461, upload-time = "2026-03-09T07:58:15.912Z" },
    { url = "https://files.pythonhosted.org/packages/5c/34/812ce12bc0f00272a4b0ec0d713cd237cb390666eb6206323d1cc9cedbb2/numpy-2.4.3-cp314-cp314t-manylinux_2_27_aarch64.manylinux_2_28_aarch64.whl", hash = "sha256:7d1ce23cce91fcea443320a9d0ece9b9305d4368875bab09538f7a5b4131938a", size = 15725809, upload-time = "2026-03-09T07:58:17.787Z" },
    { url = "https://files.pythonhosted.org/packages/25/c0/2aed473a4823e905e765fee3dc2cbf504bd3e68ccb1150fbdabd5c39f527/numpy-2.4.3-cp314-cp314t-manylinux_2_27_x86_64.manylinux_2_28_x86_64.whl", hash = "sha256:c59020932feb24ed49ffd03704fbab89f22aa9c0d4b180ff45542fe8918f5611", size = 16655242, upload-time = "2026-03-09T07:58:20.476Z" },
    { url = "https://files.pythonhosted.org/packages/f2/c8/7e052b2fc87aa0e86de23f20e2c42bd261c624748aa8efd2c78f7bb8d8c6/numpy-2.4.3-cp314-cp314t-musllinux_1_2_aarch64.whl", hash = "sha256:9684823a78a6cd6ad7511fc5e25b07947d1d5b5e2812c93fe99d7d4195130720", size = 17080660, upload-time = "2026-03-09T07:58:23.067Z" },
    { url = "https://files.pythonhosted.org/packages/f3/3d/0876746044db2adcb11549f214d104f2e1be00f07a67edbb4e2812094847/numpy-2.4.3-cp314-cp314t-musllinux_1_2_x86_64.whl", hash = "sha256:0200b25c687033316fb39f0ff4e3e690e8957a2c3c8d22499891ec58c37a3eb5", size = 18380384, upload-time = "2026-03-09T07:58:25.839Z" },
    { url = "https://files.pythonhosted.org/packages/07/12/8160bea39da3335737b10308df4f484235fd297f556745f13092aa039d3b/numpy-2.4.3-cp314-cp314t-win32.whl", hash = "sha256:5e10da9e93247e554bb1d22f8edc51847ddd7dde52d85ce31024c1b4312bfba0", size = 6154547, upload-time = "2026-03-09T07:58:28.289Z" },
    { url = "https://files.pythonhosted.org/packages/42/f3/76534f61f80d74cc9cdf2e570d3d4eeb92c2280a27c39b0aaf471eda7b48/numpy-2.4.3-cp314-cp314t-win_amd64.whl", hash = "sha256:45f003dbdffb997a03da2d1d0cb41fbd24a87507fb41605c0420a3db5bd4667b", size = 12633645, upload-time = "2026-03-09T07:58:30.384Z" },
    { url = "https://files.pythonhosted.org/packages/1f/b6/7c0d4334c15983cec7f92a69e8ce9b1e6f31857e5ee3a413ac424e6bd63d/numpy-2.4.3-cp314-cp314t-win_arm64.whl", hash = "sha256:4d382735cecd7bcf090172489a525cd7d4087bc331f7df9f60ddc9a296cf208e", size = 10565454, upload-time = "2026-03-09T07:58:33.031Z" },
]

[[package]]
name = "packaging"
version = "26.0"
source = { registry = "https://pypi.org/simple" }
sdist = { url = "https://files.pythonhosted.org/packages/65/ee/299d360cdc32edc7d2cf530f3accf79c4fca01e96ffc950d8a52213bd8e4/packaging-26.0.tar.gz", hash = "sha256:00243ae351a257117b6a241061796684b084ed1c516a08c48a3f7e147a9d80b4", size = 143416, upload-time = "2026-01-21T20:50:39.064Z" }
wheels = [
    { url = "https://files.pythonhosted.org/packages/b7/b9/c538f279a4e237a006a2c98387d081e9eb060d203d8ed34467cc0f0b9b53/packaging-26.0-py3-none-any.whl", hash = "sha256:b36f1fef9334a5588b4166f8bcd26a14e521f2b55e6b9de3aaa80d3ff7a37529", size = 74366, upload-time = "2026-01-21T20:50:37.788Z" },
]

[[package]]
name = "pandas"
version = "3.0.1"
source = { registry = "https://pypi.org/simple" }
dependencies = [
    { name = "numpy" },
    { name = "python-dateutil" },
    { name = "tzdata", marker = "sys_platform == 'emscripten' or sys_platform == 'win32'" },
]
sdist = { url = "https://files.pythonhosted.org/packages/2e/0c/b28ed414f080ee0ad153f848586d61d1878f91689950f037f976ce15f6c8/pandas-3.0.1.tar.gz", hash = "sha256:4186a699674af418f655dbd420ed87f50d56b4cd6603784279d9eef6627823c8", size = 4641901, upload-time = "2026-02-17T22:20:16.434Z" }
wheels = [
    { url = "https://files.pythonhosted.org/packages/bb/8b/4bb774a998b97e6c2fd62a9e6cfdaae133b636fd1c468f92afb4ae9a447a/pandas-3.0.1-cp314-cp314-macosx_10_15_x86_64.whl", hash = "sha256:99d0f92ed92d3083d140bf6b97774f9f13863924cf3f52a70711f4e7588f9d0a", size = 10322465, upload-time = "2026-02-17T22:19:36.803Z" },
    { url = "https://files.pythonhosted.org/packages/72/3a/5b39b51c64159f470f1ca3b1c2a87da290657ca022f7cd11442606f607d1/pandas-3.0.1-cp314-cp314-macosx_11_0_arm64.whl", hash = "sha256:3b66857e983208654294bb6477b8a63dee26b37bdd0eb34d010556e91261784f", size = 9910632, upload-time = "2026-02-17T22:19:39.001Z" },
    { url = "https://files.pythonhosted.org/packages/4e/f7/b449ffb3f68c11da12fc06fbf6d2fa3a41c41e17d0284d23a79e1c13a7e4/pandas-3.0.1-cp314-cp314-manylinux_2_24_aarch64.manylinux_2_28_aarch64.whl", hash = "sha256:56cf59638bf24dc9bdf2154c81e248b3289f9a09a6d04e63608c159022352749", size = 10440535, upload-time = "2026-02-17T22:19:41.157Z" },
    { url = "https://files.pythonhosted.org/packages/55/77/6ea82043db22cb0f2bbfe7198da3544000ddaadb12d26be36e19b03a2dc5/pandas-3.0.1-cp314-cp314-manylinux_2_24_x86_64.manylinux_2_28_x86_64.whl", hash = "sha256:c1a9f55e0f46951874b863d1f3906dcb57df2d9be5c5847ba4dfb55b2c815249", size = 10893940, upload-time = "2026-02-17T22:19:43.493Z" },
    { url = "https://files.pythonhosted.org/packages/03/30/f1b502a72468c89412c1b882a08f6eed8a4ee9dc033f35f65d0663df6081/pandas-3.0.1-cp314-cp314-musllinux_1_2_aarch64.whl", hash = "sha256:1849f0bba9c8a2fb0f691d492b834cc8dadf617e29015c66e989448d58d011ee", size = 11442711, upload-time = "2026-02-17T22:19:46.074Z" },
    { url = "https://files.pythonhosted.org/packages/0d/f0/ebb6ddd8fc049e98cabac5c2924d14d1dda26a20adb70d41ea2e428d3ec4/pandas-3.0.1-cp314-cp314-musllinux_1_2_x86_64.whl", hash = "sha256:c3d288439e11b5325b02ae6e9cc83e6805a62c40c5a6220bea9beb899c073b1c", size = 11963918, upload-time = "2026-02-17T22:19:48.838Z" },
    { url = "https://files.pythonhosted.org/packages/09/f8/8ce132104074f977f907442790eaae24e27bce3b3b454e82faa3237ff098/pandas-3.0.1-cp314-cp314-win_amd64.whl", hash = "sha256:93325b0fe372d192965f4cca88d97667f49557398bbf94abdda3bf1b591dbe66", size = 9862099, upload-time = "2026-02-17T22:19:51.081Z" },
    { url = "https://files.pythonhosted.org/packages/e6/b7/6af9aac41ef2456b768ef0ae60acf8abcebb450a52043d030a65b4b7c9bd/pandas-3.0.1-cp314-cp314-win_arm64.whl", hash = "sha256:97ca08674e3287c7148f4858b01136f8bdfe7202ad25ad04fec602dd1d29d132", size = 9185333, upload-time = "2026-02-17T22:19:53.266Z" },
    { url = "https://files.pythonhosted.org/packages/66/fc/848bb6710bc6061cb0c5badd65b92ff75c81302e0e31e496d00029fe4953/pandas-3.0.1-cp314-cp314t-macosx_10_15_x86_64.whl", hash = "sha256:58eeb1b2e0fb322befcf2bbc9ba0af41e616abadb3d3414a6bc7167f6cbfce32", size = 10772664, upload-time = "2026-02-17T22:19:55.806Z" },
    { url = "https://files.pythonhosted.org/packages/69/5c/866a9bbd0f79263b4b0db6ec1a341be13a1473323f05c122388e0f15b21d/pandas-3.0.1-cp314-cp314t-macosx_11_0_arm64.whl", hash = "sha256:cd9af1276b5ca9e298bd79a26bda32fa9cc87ed095b2a9a60978d2ca058eaf87", size = 10421286, upload-time = "2026-02-17T22:19:58.091Z" },
    { url = "https://files.pythonhosted.org/packages/51/a4/2058fb84fb1cfbfb2d4a6d485e1940bb4ad5716e539d779852494479c580/pandas-3.0.1-cp314-cp314t-manylinux_2_24_aarch64.manylinux_2_28_aarch64.whl", hash = "sha256:94f87a04984d6b63788327cd9f79dda62b7f9043909d2440ceccf709249ca988", size = 10342050, upload-time = "2026-02-17T22:20:01.376Z" },
    { url = "https://files.pythonhosted.org/packages/22/1b/674e89996cc4be74db3c4eb09240c4bb549865c9c3f5d9b086ff8fcfbf00/pandas-3.0.1-cp314-cp314t-manylinux_2_24_x86_64.manylinux_2_28_x86_64.whl", hash = "sha256:85fe4c4df62e1e20f9db6ebfb88c844b092c22cd5324bdcf94bfa2fc1b391221", size = 10740055, upload-time = "2026-02-17T22:20:04.328Z" },
    { url = "https://files.pythonhosted.org/packages/d0/f8/e954b750764298c22fa4614376531fe63c521ef517e7059a51f062b87dca/pandas-3.0.1-cp314-cp314t-musllinux_1_2_aarch64.whl", hash = "sha256:331ca75a2f8672c365ae25c0b29e46f5ac0c6551fdace8eec4cd65e4fac271ff", size = 11357632, upload-time = "2026-02-17T22:20:06.647Z" },
    { url = "https://files.pythonhosted.org/packages/6d/02/c6e04b694ffd68568297abd03588b6d30295265176a5c01b7459d3bc35a3/pandas-3.0.1-cp314-cp314t-musllinux_1_2_x86_64.whl", hash = "sha256:15860b1fdb1973fffade772fdb931ccf9b2f400a3f5665aef94a00445d7d8dd5", size = 11810974, upload-time = "2026-02-17T22:20:08.946Z" },
    { url = "https://files.pythonhosted.org/packages/89/41/d7dfb63d2407f12055215070c42fc6ac41b66e90a2946cdc5e759058398b/pandas-3.0.1-cp314-cp314t-win_amd64.whl", hash = "sha256:44f1364411d5670efa692b146c748f4ed013df91ee91e9bec5677fb1fd58b937", size = 10884622, upload-time = "2026-02-17T22:20:11.711Z" },
    { url = "https://files.pythonhosted.org/packages/68/b0/34937815889fa982613775e4b97fddd13250f11012d769949c5465af2150/pandas-3.0.1-cp314-cp314t-win_arm64.whl", hash = "sha256:108dd1790337a494aa80e38def654ca3f0968cf4f362c85f44c15e471667102d", size = 9452085, upload-time = "2026-02-17T22:20:14.331Z" },
]

[[package]]
name = "pathspec"
version = "1.0.4"
source = { registry = "https://pypi.org/simple" }
sdist = { url = "https://files.pythonhosted.org/packages/fa/36/e27608899f9b8d4dff0617b2d9ab17ca5608956ca44461ac14ac48b44015/pathspec-1.0.4.tar.gz", hash = "sha256:0210e2ae8a21a9137c0d470578cb0e595af87edaa6ebf12ff176f14a02e0e645", size = 131200, upload-time = "2026-01-27T03:59:46.938Z" }
wheels = [
    { url = "https://files.pythonhosted.org/packages/ef/3c/2c197d226f9ea224a9ab8d197933f9da0ae0aac5b6e0f884e2b8d9c8e9f7/pathspec-1.0.4-py3-none-any.whl", hash = "sha256:fb6ae2fd4e7c921a165808a552060e722767cfa526f99ca5156ed2ce45a5c723", size = 55206, upload-time = "2026-01-27T03:59:45.137Z" },
]

[[package]]
name = "platformdirs"
version = "4.9.4"
source = { registry = "https://pypi.org/simple" }
sdist = { url = "https://files.pythonhosted.org/packages/19/56/8d4c30c8a1d07013911a8fdbd8f89440ef9f08d07a1b50ab8ca8be5a20f9/platformdirs-4.9.4.tar.gz", hash = "sha256:1ec356301b7dc906d83f371c8f487070e99d3ccf9e501686456394622a01a934", size = 28737, upload-time = "2026-03-05T18:34:13.271Z" }
wheels = [
    { url = "https://files.pythonhosted.org/packages/63/d7/97f7e3a6abb67d8080dd406fd4df842c2be0efaf712d1c899c32a075027c/platformdirs-4.9.4-py3-none-any.whl", hash = "sha256:68a9a4619a666ea6439f2ff250c12a853cd1cbd5158d258bd824a7df6be2f868", size = 21216, upload-time = "2026-03-05T18:34:12.172Z" },
]

[[package]]
name = "python-dateutil"
version = "2.9.0.post0"
source = { registry = "https://pypi.org/simple" }
dependencies = [
    { name = "six" },
]
sdist = { url = "https://files.pythonhosted.org/packages/66/c0/0c8b6ad9f17a802ee498c46e004a0eb49bc148f2fd230864601a86dcf6db/python-dateutil-2.9.0.post0.tar.gz", hash = "sha256:37dd54208da7e1cd875388217d5e00ebd4179249f90fb72437e91a35459a0ad3", size = 342432, upload-time = "2024-03-01T18:36:20.211Z" }
wheels = [
    { url = "https://files.pythonhosted.org/packages/ec/57/56b9bcc3c9c6a792fcbaf139543cee77261f3651ca9da0c93f5c1221264b/python_dateutil-2.9.0.post0-py2.py3-none-any.whl", hash = "sha256:a8b2bc7bffae282281c8140a97d3aa9c14da0b136dfe83f850eea9a5f7470427", size = 229892, upload-time = "2024-03-01T18:36:18.57Z" },
]

[[package]]
name = "pytokens"
version = "0.4.1"
source = { registry = "https://pypi.org/simple" }
sdist = { url = "https://files.pythonhosted.org/packages/b6/34/b4e015b99031667a7b960f888889c5bd34ef585c85e1cb56a594b92836ac/pytokens-0.4.1.tar.gz", hash = "sha256:292052fe80923aae2260c073f822ceba21f3872ced9a68bb7953b348e561179a", size = 23015, upload-time = "2026-01-30T01:03:45.924Z" }
wheels = [
    { url = "https://files.pythonhosted.org/packages/8f/a7/b470f672e6fc5fee0a01d9e75005a0e617e162381974213a945fcd274843/pytokens-0.4.1-cp314-cp314-macosx_11_0_arm64.whl", hash = "sha256:4a14d5f5fc78ce85e426aa159489e2d5961acf0e47575e08f35584009178e321", size = 160821, upload-time = "2026-01-30T01:03:19.684Z" },
    { url = "https://files.pythonhosted.org/packages/80/98/e83a36fe8d170c911f864bfded690d2542bfcfacb9c649d11a9e6eb9dc41/pytokens-0.4.1-cp314-cp314-manylinux2014_aarch64.manylinux_2_17_aarch64.manylinux_2_28_aarch64.whl", hash = "sha256:97f50fd18543be72da51dd505e2ed20d2228c74e0464e4262e4899797803d7fa", size = 254263, upload-time = "2026-01-30T01:03:20.834Z" },
    { url = "https://files.pythonhosted.org/packages/0f/95/70d7041273890f9f97a24234c00b746e8da86df462620194cef1d411ddeb/pytokens-0.4.1-cp314-cp314-manylinux2014_x86_64.manylinux_2_17_x86_64.manylinux_2_28_x86_64.whl", hash = "sha256:dc74c035f9bfca0255c1af77ddd2d6ae8419012805453e4b0e7513e17904545d", size = 268071, upload-time = "2026-01-30T01:03:21.888Z" },
    { url = "https://files.pythonhosted.org/packages/da/79/76e6d09ae19c99404656d7db9c35dfd20f2086f3eb6ecb496b5b31163bad/pytokens-0.4.1-cp314-cp314-musllinux_1_2_x86_64.whl", hash = "sha256:f66a6bbe741bd431f6d741e617e0f39ec7257ca1f89089593479347cc4d13324", size = 271716, upload-time = "2026-01-30T01:03:23.633Z" },
    { url = "https://files.pythonhosted.org/packages/79/37/482e55fa1602e0a7ff012661d8c946bafdc05e480ea5a32f4f7e336d4aa9/pytokens-0.4.1-cp314-cp314-win_amd64.whl", hash = "sha256:b35d7e5ad269804f6697727702da3c517bb8a5228afa450ab0fa787732055fc9", size = 104539, upload-time = "2026-01-30T01:03:24.788Z" },
    { url = "https://files.pythonhosted.org/packages/30/e8/20e7db907c23f3d63b0be3b8a4fd1927f6da2395f5bcc7f72242bb963dfe/pytokens-0.4.1-cp314-cp314t-macosx_11_0_arm64.whl", hash = "sha256:8fcb9ba3709ff77e77f1c7022ff11d13553f3c30299a9fe246a166903e9091eb", size = 168474, upload-time = "2026-01-30T01:03:26.428Z" },
    { url = "https://files.pythonhosted.org/packages/d6/81/88a95ee9fafdd8f5f3452107748fd04c24930d500b9aba9738f3ade642cc/pytokens-0.4.1-cp314-cp314t-manylinux2014_aarch64.manylinux_2_17_aarch64.manylinux_2_28_aarch64.whl", hash = "sha256:79fc6b8699564e1f9b521582c35435f1bd32dd06822322ec44afdeba666d8cb3", size = 290473, upload-time = "2026-01-30T01:03:27.415Z" },
    { url = "https://files.pythonhosted.org/packages/cf/35/3aa899645e29b6375b4aed9f8d21df219e7c958c4c186b465e42ee0a06bf/pytokens-0.4.1-cp314-cp314t-manylinux2014_x86_64.manylinux_2_17_x86_64.manylinux_2_28_x86_64.whl", hash = "sha256:d31b97b3de0f61571a124a00ffe9a81fb9939146c122c11060725bd5aea79975", size = 303485, upload-time = "2026-01-30T01:03:28.558Z" },
    { url = "https://files.pythonhosted.org/packages/52/a0/07907b6ff512674d9b201859f7d212298c44933633c946703a20c25e9d81/pytokens-0.4.1-cp314-cp314t-musllinux_1_2_x86_64.whl", hash = "sha256:967cf6e3fd4adf7de8fc73cd3043754ae79c36475c1c11d514fc72cf5490094a", size = 306698, upload-time = "2026-01-30T01:03:29.653Z" },
    { url = "https://files.pythonhosted.org/packages/39/2a/cbbf9250020a4a8dd53ba83a46c097b69e5eb49dd14e708f496f548c6612/pytokens-0.4.1-cp314-cp314t-win_amd64.whl", hash = "sha256:584c80c24b078eec1e227079d56dc22ff755e0ba8654d8383b2c549107528918", size = 116287, upload-time = "2026-01-30T01:03:30.912Z" },
    { url = "https://files.pythonhosted.org/packages/c6/78/397db326746f0a342855b81216ae1f0a32965deccfd7c830a2dbc66d2483/pytokens-0.4.1-py3-none-any.whl", hash = "sha256:26cef14744a8385f35d0e095dc8b3a7583f6c953c2e3d269c7f82484bf5ad2de", size = 13729, upload-time = "2026-01-30T01:03:45.029Z" },
]

[[package]]
name = "six"
version = "1.17.0"
source = { registry = "https://pypi.org/simple" }
sdist = { url = "https://files.pythonhosted.org/packages/94/e7/b2c673351809dca68a0e064b6af791aa332cf192da575fd474ed7d6f16a2/six-1.17.0.tar.gz", hash = "sha256:ff70335d468e7eb6ec65b95b99d3a2836546063f63acc5171de367e834932a81", size = 34031, upload-time = "2024-12-04T17:35:28.174Z" }
wheels = [
    { url = "https://files.pythonhosted.org/packages/b7/ce/149a00dd41f10bc29e5921b496af8b574d8413afcd5e30dfa0ed46c2cc5e/six-1.17.0-py2.py3-none-any.whl", hash = "sha256:4721f391ed90541fddacab5acf947aa0d3dc7d27b2e1e8eda2be8970586c3274", size = 11050, upload-time = "2024-12-04T17:35:26.475Z" },
]

[[package]]
name = "tqdm"
version = "4.67.3"
source = { registry = "https://pypi.org/simple" }
dependencies = [
    { name = "colorama", marker = "sys_platform == 'win32'" },
]
sdist = { url = "https://files.pythonhosted.org/packages/09/a9/6ba95a270c6f1fbcd8dac228323f2777d886cb206987444e4bce66338dd4/tqdm-4.67.3.tar.gz", hash = "sha256:7d825f03f89244ef73f1d4ce193cb1774a8179fd96f31d7e1dcde62092b960bb", size = 169598, upload-time = "2026-02-03T17:35:53.048Z" }
wheels = [
    { url = "https://files.pythonhosted.org/packages/16/e1/3079a9ff9b8e11b846c6ac5c8b5bfb7ff225eee721825310c91b3b50304f/tqdm-4.67.3-py3-none-any.whl", hash = "sha256:ee1e4c0e59148062281c49d80b25b67771a127c85fc9676d3be5f243206826bf", size = 78374, upload-time = "2026-02-03T17:35:50.982Z" },
]

[[package]]
name = "tzdata"
version = "2025.3"
source = { registry = "https://pypi.org/simple" }
sdist = { url = "https://files.pythonhosted.org/packages/5e/a7/c202b344c5ca7daf398f3b8a477eeb205cf3b6f32e7ec3a6bac0629ca975/tzdata-2025.3.tar.gz", hash = "sha256:de39c2ca5dc7b0344f2eba86f49d614019d29f060fc4ebc8a417896a620b56a7", size = 196772, upload-time = "2025-12-13T17:45:35.667Z" }
wheels = [
    { url = "https://files.pythonhosted.org/packages/c7/b0/003792df09decd6849a5e39c28b513c06e84436a54440380862b5aeff25d/tzdata-2025.3-py2.py3-none-any.whl", hash = "sha256:06a47e5700f3081aab02b2e513160914ff0694bce9947d6b76ebd6bf57cfc5d1", size = 348521, upload-time = "2025-12-13T17:45:33.889Z" },
]
